
Microsoft Visual Studio Solution File, Format Version 12.00
# Visual Studio Version 17
VisualStudioVersion = 17.13.35931.197 d17.13
MinimumVisualStudioVersion = 10.0.40219.1
Project("{FAE04EC0-301F-11D3-BF4B-00C04F79EFBC}") = "MyWebApi", "MyWebApi\MyWebApi.csproj", "{D0C7ED14-7621-4931-B17A-A1EE789B346A}"
EndProject
Global
	GlobalSection(SolutionConfigurationPlatforms) = preSolution
		Debug|Any CPU = Debug|Any CPU
		Release|Any CPU = Release|Any CPU
	EndGlobalSection
	GlobalSection(ProjectConfigurationPlatforms) = postSolution
		{D0C7ED14-7621-4931-B17A-A1EE789B346A}.Debug|Any CPU.ActiveCfg = Debug|Any CPU
		{D0C7ED14-7621-4931-B17A-A1EE789B346A}.Debug|Any CPU.Build.0 = Debug|Any CPU
		{D0C7ED14-7621-4931-B17A-A1EE789B346A}.Release|Any CPU.ActiveCfg = Release|Any CPU
		{D0C7ED14-7621-4931-B17A-A1EE789B346A}.Release|Any CPU.Build.0 = Release|Any CPU
	EndGlobalSection
	GlobalSection(SolutionProperties) = preSolution
		HideSolutionNode = FALSE
	EndGlobalSection
	GlobalSection(ExtensibilityGlobals) = postSolution
		SolutionGuid = {E30D84A5-9A1A-4968-8EB0-4FB0C91AA74E}
	EndGlobalSection
EndGlobal
